
Microsoft Visual Studio Solution File, Format Version 12.00
# Visual Studio Version 17
VisualStudioVersion = 17.6.33829.357
MinimumVisualStudioVersion = 10.0.40219.1
Project("{FAE04EC0-301F-11D3-BF4B-00C04F79EFBC}") = "TodoList", "TodoList\TodoList.csproj", "{15EB6068-6C8E-4028-BB02-FE766BE6DD3B}"
EndProject
Global
	GlobalSection(SolutionConfigurationPlatforms) = preSolution
		Debug|Any CPU = Debug|Any CPU
		Release|Any CPU = Release|Any CPU
	EndGlobalSection
	GlobalSection(ProjectConfigurationPlatforms) = postSolution
		{15EB6068-6C8E-4028-BB02-FE766BE6DD3B}.Debug|Any CPU.ActiveCfg = Debug|Any CPU
		{15EB6068-6C8E-4028-BB02-FE766BE6DD3B}.Debug|Any CPU.Build.0 = Debug|Any CPU
		{15EB6068-6C8E-4028-BB02-FE766BE6DD3B}.Release|Any CPU.ActiveCfg = Release|Any CPU
		{15EB6068-6C8E-4028-BB02-FE766BE6DD3B}.Release|Any CPU.Build.0 = Release|Any CPU
	EndGlobalSection
	GlobalSection(SolutionProperties) = preSolution
		HideSolutionNode = FALSE
	EndGlobalSection
	GlobalSection(ExtensibilityGlobals) = postSolution
		SolutionGuid = {3C42CDAB-EE4E-4B1E-BAD0-FD91A66B797D}
	EndGlobalSection
EndGlobal
